// !$*UTF8*$!
{
	archiveVersion = 1;
	classes = {
	};
	objectVersion = 56;
	objects = {

/* Begin PBXBuildFile section */
		243797EB2A221B830076070C /* AppDelegate.swift in Sources */ = {isa = PBXBuildFile; fileRef = 243797EA2A221B830076070C /* AppDelegate.swift */; };
		243797ED2A221B830076070C /* SceneDelegate.swift in Sources */ = {isa = PBXBuildFile; fileRef = 243797EC2A221B830076070C /* SceneDelegate.swift */; };
		243797EF2A221B830076070C /* ConversationsViewController.swift in Sources */ = {isa = PBXBuildFile; fileRef = 243797EE2A221B830076070C /* ConversationsViewController.swift */; };
		243797F22A221B830076070C /* Main.storyboard in Resources */ = {isa = PBXBuildFile; fileRef = 243797F02A221B830076070C /* Main.storyboard */; };
		243797F42A221B840076070C /* Assets.xcassets in Resources */ = {isa = PBXBuildFile; fileRef = 243797F32A221B840076070C /* Assets.xcassets */; };
		243797F72A221B840076070C /* LaunchScreen.storyboard in Resources */ = {isa = PBXBuildFile; fileRef = 243797F52A221B840076070C /* LaunchScreen.storyboard */; };
		243798052A224FF30076070C /* LoginViewController.swift in Sources */ = {isa = PBXBuildFile; fileRef = 243798042A224FF30076070C /* LoginViewController.swift */; };
		243798072A2250760076070C /* RegisterViewController.swift in Sources */ = {isa = PBXBuildFile; fileRef = 243798062A2250760076070C /* RegisterViewController.swift */; };
		243798092A2250BA0076070C /* PhotoViewerViewController.swift in Sources */ = {isa = PBXBuildFile; fileRef = 243798082A2250BA0076070C /* PhotoViewerViewController.swift */; };
		2437980B2A2250D30076070C /* VideoPlayerViewController.swift in Sources */ = {isa = PBXBuildFile; fileRef = 2437980A2A2250D30076070C /* VideoPlayerViewController.swift */; };
		2437980D2A2251170076070C /* NewConversationViewController.swift in Sources */ = {isa = PBXBuildFile; fileRef = 2437980C2A2251170076070C /* NewConversationViewController.swift */; };
		2437980F2A22514B0076070C /* ProfileViewController.swift in Sources */ = {isa = PBXBuildFile; fileRef = 2437980E2A22514B0076070C /* ProfileViewController.swift */; };
		243798122A2280270076070C /* Extensions.swift in Sources */ = {isa = PBXBuildFile; fileRef = 243798112A2280270076070C /* Extensions.swift */; };
		243798162A22DA230076070C /* GoogleService-Info.plist in Resources */ = {isa = PBXBuildFile; fileRef = 243798152A22DA230076070C /* GoogleService-Info.plist */; };
		243798182A2371A70076070C /* DatabaseManager.swift in Sources */ = {isa = PBXBuildFile; fileRef = 243798172A2371A70076070C /* DatabaseManager.swift */; };
		54350D193B28F6B1A9404F8B /* Pods_Messenger.framework in Frameworks */ = {isa = PBXBuildFile; fileRef = F4F01851D9C91E2C8DCEFB3C /* Pods_Messenger.framework */; };
/* End PBXBuildFile section */

/* Begin PBXFileReference section */
		1DF728AC584F496A630A784A /* Pods-Messenger.debug.xcconfig */ = {isa = PBXFileReference; includeInIndex = 1; lastKnownFileType = text.xcconfig; name = "Pods-Messenger.debug.xcconfig"; path = "Target Support Files/Pods-Messenger/Pods-Messenger.debug.xcconfig"; sourceTree = "<group>"; };
		243797E72A221B830076070C /* Messenger.app */ = {isa = PBXFileReference; explicitFileType = wrapper.application; includeInIndex = 0; path = Messenger.app; sourceTree = BUILT_PRODUCTS_DIR; };
		243797EA2A221B830076070C /* AppDelegate.swift */ = {isa = PBXFileReference; lastKnownFileType = sourcecode.swift; path = AppDelegate.swift; sourceTree = "<group>"; };
		243797EC2A221B830076070C /* SceneDelegate.swift */ = {isa = PBXFileReference; lastKnownFileType = sourcecode.swift; path = SceneDelegate.swift; sourceTree = "<group>"; };
		243797EE2A221B830076070C /* ConversationsViewController.swift */ = {isa = PBXFileReference; lastKnownFileType = sourcecode.swift; path = ConversationsViewController.swift; sourceTree = "<group>"; };
		243797F12A221B830076070C /* Base */ = {isa = PBXFileReference; lastKnownFileType = file.storyboard; name = Base; path = Base.lproj/Main.storyboard; sourceTree = "<group>"; };
		243797F32A221B840076070C /* Assets.xcassets */ = {isa = PBXFileReference; lastKnownFileType = folder.assetcatalog; path = Assets.xcassets; sourceTree = "<group>"; };
		243797F62A221B840076070C /* Base */ = {isa = PBXFileReference; lastKnownFileType = file.storyboard; name = Base; path = Base.lproj/LaunchScreen.storyboard; sourceTree = "<group>"; };
		243797F82A221B840076070C /* Info.plist */ = {isa = PBXFileReference; lastKnownFileType = text.plist.xml; path = Info.plist; sourceTree = "<group>"; };
		243798042A224FF30076070C /* LoginViewController.swift */ = {isa = PBXFileReference; lastKnownFileType = sourcecode.swift; path = LoginViewController.swift; sourceTree = "<group>"; };
		243798062A2250760076070C /* RegisterViewController.swift */ = {isa = PBXFileReference; indentWidth = 4; lastKnownFileType = sourcecode.swift; path = RegisterViewController.swift; sourceTree = "<group>"; tabWidth = 4; usesTabs = 1; wrapsLines = 0; };
		243798082A2250BA0076070C /* PhotoViewerViewController.swift */ = {isa = PBXFileReference; lastKnownFileType = sourcecode.swift; path = PhotoViewerViewController.swift; sourceTree = "<group>"; };
		2437980A2A2250D30076070C /* VideoPlayerViewController.swift */ = {isa = PBXFileReference; lastKnownFileType = sourcecode.swift; path = VideoPlayerViewController.swift; sourceTree = "<group>"; };
		2437980C2A2251170076070C /* NewConversationViewController.swift */ = {isa = PBXFileReference; lastKnownFileType = sourcecode.swift; path = NewConversationViewController.swift; sourceTree = "<group>"; };
		2437980E2A22514B0076070C /* ProfileViewController.swift */ = {isa = PBXFileReference; lastKnownFileType = sourcecode.swift; path = ProfileViewController.swift; sourceTree = "<group>"; };
		243798112A2280270076070C /* Extensions.swift */ = {isa = PBXFileReference; lastKnownFileType = sourcecode.swift; path = Extensions.swift; sourceTree = "<group>"; };
		243798152A22DA230076070C /* GoogleService-Info.plist */ = {isa = PBXFileReference; fileEncoding = 4; lastKnownFileType = text.plist.xml; name = "GoogleService-Info.plist"; path = "../../../../Downloads/GoogleService-Info.plist"; sourceTree = "<group>"; };
		243798172A2371A70076070C /* DatabaseManager.swift */ = {isa = PBXFileReference; lastKnownFileType = sourcecode.swift; path = DatabaseManager.swift; sourceTree = "<group>"; };
		3160BA96086F20A6F2E59F1A /* Pods-Messenger.release.xcconfig */ = {isa = PBXFileReference; includeInIndex = 1; lastKnownFileType = text.xcconfig; name = "Pods-Messenger.release.xcconfig"; path = "Target Support Files/Pods-Messenger/Pods-Messenger.release.xcconfig"; sourceTree = "<group>"; };
		F4F01851D9C91E2C8DCEFB3C /* Pods_Messenger.framework */ = {isa = PBXFileReference; explicitFileType = wrapper.framework; includeInIndex = 0; path = Pods_Messenger.framework; sourceTree = BUILT_PRODUCTS_DIR; };
/* End PBXFileReference section */

/* Begin PBXFrameworksBuildPhase section */
		243797E42A221B830076070C /* Frameworks */ = {
			isa = PBXFrameworksBuildPhase;
			buildActionMask = 2147483647;
			files = (
				54350D193B28F6B1A9404F8B /* Pods_Messenger.framework in Frameworks */,
			);
			runOnlyForDeploymentPostprocessing = 0;
		};
/* End PBXFrameworksBuildPhase section */

/* Begin PBXGroup section */
		243797DE2A221B830076070C = {
			isa = PBXGroup;
			children = (
				243797E92A221B830076070C /* Messenger */,
				243797E82A221B830076070C /* Products */,
				FBD950D2FFB01534C42AB374 /* Pods */,
				6C1C997D0A491D9E03A4BDF6 /* Frameworks */,
			);
			sourceTree = "<group>";
		};
		243797E82A221B830076070C /* Products */ = {
			isa = PBXGroup;
			children = (
				243797E72A221B830076070C /* Messenger.app */,
			);
			name = Products;
			sourceTree = "<group>";
		};
		243797E92A221B830076070C /* Messenger */ = {
			isa = PBXGroup;
			children = (
				243798152A22DA230076070C /* GoogleService-Info.plist */,
				243798022A223F6D0076070C /* Resources */,
				243798012A223F580076070C /* ViewModels */,
				243798002A223F4A0076070C /* Models */,
				243797FF2A223F3A0076070C /* Views */,
				243797FE2A223EDD0076070C /* Controllers */,
				243797F82A221B840076070C /* Info.plist */,
			);
			path = Messenger;
			sourceTree = "<group>";
		};
		243797FE2A223EDD0076070C /* Controllers */ = {
			isa = PBXGroup;
			children = (
				243797EE2A221B830076070C /* ConversationsViewController.swift */,
				243798102A225F600076070C /* Login */,
				243798082A2250BA0076070C /* PhotoViewerViewController.swift */,
				2437980A2A2250D30076070C /* VideoPlayerViewController.swift */,
				2437980C2A2251170076070C /* NewConversationViewController.swift */,
				2437980E2A22514B0076070C /* ProfileViewController.swift */,
			);
			path = Controllers;
			sourceTree = "<group>";
		};
		243797FF2A223F3A0076070C /* Views */ = {
			isa = PBXGroup;
			children = (
				243798032A223FF40076070C /* StoryBoards */,
				243797F32A221B840076070C /* Assets.xcassets */,
			);
			path = Views;
			sourceTree = "<group>";
		};
		243798002A223F4A0076070C /* Models */ = {
			isa = PBXGroup;
			children = (
			);
			path = Models;
			sourceTree = "<group>";
		};
		243798012A223F580076070C /* ViewModels */ = {
			isa = PBXGroup;
			children = (
			);
			path = ViewModels;
			sourceTree = "<group>";
		};
		243798022A223F6D0076070C /* Resources */ = {
			isa = PBXGroup;
			children = (
				243797EA2A221B830076070C /* AppDelegate.swift */,
				243797EC2A221B830076070C /* SceneDelegate.swift */,
				243798112A2280270076070C /* Extensions.swift */,
				243798172A2371A70076070C /* DatabaseManager.swift */,
			);
			path = Resources;
			sourceTree = "<group>";
		};
		243798032A223FF40076070C /* StoryBoards */ = {
			isa = PBXGroup;
			children = (
				243797F02A221B830076070C /* Main.storyboard */,
				243797F52A221B840076070C /* LaunchScreen.storyboard */,
			);
			path = StoryBoards;
			sourceTree = "<group>";
		};
		243798102A225F600076070C /* Login */ = {
			isa = PBXGroup;
			children = (
				243798042A224FF30076070C /* LoginViewController.swift */,
				243798062A2250760076070C /* RegisterViewController.swift */,
			);
			path = Login;
			sourceTree = "<group>";
		};
		6C1C997D0A491D9E03A4BDF6 /* Frameworks */ = {
			isa = PBXGroup;
			children = (
				F4F01851D9C91E2C8DCEFB3C /* Pods_Messenger.framework */,
			);
			name = Frameworks;
			sourceTree = "<group>";
		};
		FBD950D2FFB01534C42AB374 /* Pods */ = {
			isa = PBXGroup;
			children = (
				1DF728AC584F496A630A784A /* Pods-Messenger.debug.xcconfig */,
				3160BA96086F20A6F2E59F1A /* Pods-Messenger.release.xcconfig */,
			);
			path = Pods;
			sourceTree = "<group>";
		};
/* End PBXGroup section */

/* Begin PBXNativeTarget section */
		243797E62A221B830076070C /* Messenger */ = {
			isa = PBXNativeTarget;
			buildConfigurationList = 243797FB2A221B840076070C /* Build configuration list for PBXNativeTarget "Messenger" */;
			buildPhases = (
				0013AF5C38A3FECA1CE675B6 /* [CP] Check Pods Manifest.lock */,
				243797E32A221B830076070C /* Sources */,
				243797E42A221B830076070C /* Frameworks */,
				243797E52A221B830076070C /* Resources */,
				5A133AF25EE7B115D39220F5 /* [CP] Embed Pods Frameworks */,
			);
			buildRules = (
			);
			dependencies = (
			);
			name = Messenger;
			productName = Messenger;
			productReference = 243797E72A221B830076070C /* Messenger.app */;
			productType = "com.apple.product-type.application";
		};
/* End PBXNativeTarget section */

/* Begin PBXProject section */
		243797DF2A221B830076070C /* Project object */ = {
			isa = PBXProject;
			attributes = {
				BuildIndependentTargetsInParallel = 1;
				LastSwiftUpdateCheck = 1410;
				LastUpgradeCheck = 1410;
				TargetAttributes = {
					243797E62A221B830076070C = {
						CreatedOnToolsVersion = 14.1;
					};
				};
			};
			buildConfigurationList = 243797E22A221B830076070C /* Build configuration list for PBXProject "Messenger" */;
			compatibilityVersion = "Xcode 14.0";
			developmentRegion = en;
			hasScannedForEncodings = 0;
			knownRegions = (
				en,
				Base,
			);
			mainGroup = 243797DE2A221B830076070C;
			productRefGroup = 243797E82A221B830076070C /* Products */;
			projectDirPath = "";
			projectRoot = "";
			targets = (
				243797E62A221B830076070C /* Messenger */,
			);
		};
/* End PBXProject section */

/* Begin PBXResourcesBuildPhase section */
		243797E52A221B830076070C /* Resources */ = {
			isa = PBXResourcesBuildPhase;
			buildActionMask = 2147483647;
			files = (
				243797F72A221B840076070C /* LaunchScreen.storyboard in Resources */,
				243798162A22DA230076070C /* GoogleService-Info.plist in Resources */,
				243797F42A221B840076070C /* Assets.xcassets in Resources */,
				243797F22A221B830076070C /* Main.storyboard in Resources */,
			);
			runOnlyForDeploymentPostprocessing = 0;
		};
/* End PBXResourcesBuildPhase section */

/* Begin PBXShellScriptBuildPhase section */
		0013AF5C38A3FECA1CE675B6 /* [CP] Check Pods Manifest.lock */ = {
			isa = PBXShellScriptBuildPhase;
			buildActionMask = 2147483647;
			files = (
			);
			inputFileListPaths = (
			);
			inputPaths = (
				"${PODS_PODFILE_DIR_PATH}/Podfile.lock",
				"${PODS_ROOT}/Manifest.lock",
			);
			name = "[CP] Check Pods Manifest.lock";
			outputFileListPaths = (
			);
			outputPaths = (
				"$(DERIVED_FILE_DIR)/Pods-Messenger-checkManifestLockResult.txt",
			);
			runOnlyForDeploymentPostprocessing = 0;
			shellPath = /bin/sh;
			shellScript = "diff \"${PODS_PODFILE_DIR_PATH}/Podfile.lock\" \"${PODS_ROOT}/Manifest.lock\" > /dev/null\nif [ $? != 0 ] ; then\n    # print error to STDERR\n    echo \"error: The sandbox is not in sync with the Podfile.lock. Run 'pod install' or update your CocoaPods installation.\" >&2\n    exit 1\nfi\n# This output is used by Xcode 'outputs' to avoid re-running this script phase.\necho \"SUCCESS\" > \"${SCRIPT_OUTPUT_FILE_0}\"\n";
			showEnvVarsInLog = 0;
		};
		5A133AF25EE7B115D39220F5 /* [CP] Embed Pods Frameworks */ = {
			isa = PBXShellScriptBuildPhase;
			buildActionMask = 2147483647;
			files = (
			);
			inputFileListPaths = (
				"${PODS_ROOT}/Target Support Files/Pods-Messenger/Pods-Messenger-frameworks-${CONFIGURATION}-input-files.xcfilelist",
			);
			name = "[CP] Embed Pods Frameworks";
			outputFileListPaths = (
				"${PODS_ROOT}/Target Support Files/Pods-Messenger/Pods-Messenger-frameworks-${CONFIGURATION}-output-files.xcfilelist",
			);
			runOnlyForDeploymentPostprocessing = 0;
			shellPath = /bin/sh;
			shellScript = "\"${PODS_ROOT}/Target Support Files/Pods-Messenger/Pods-Messenger-frameworks.sh\"\n";
			showEnvVarsInLog = 0;
		};
/* End PBXShellScriptBuildPhase section */

/* Begin PBXSourcesBuildPhase section */
		243797E32A221B830076070C /* Sources */ = {
			isa = PBXSourcesBuildPhase;
			buildActionMask = 2147483647;
			files = (
				243798052A224FF30076070C /* LoginViewController.swift in Sources */,
				243798182A2371A70076070C /* DatabaseManager.swift in Sources */,
				243798072A2250760076070C /* RegisterViewController.swift in Sources */,
				2437980D2A2251170076070C /* NewConversationViewController.swift in Sources */,
				243797EF2A221B830076070C /* ConversationsViewController.swift in Sources */,
				2437980B2A2250D30076070C /* VideoPlayerViewController.swift in Sources */,
				243798122A2280270076070C /* Extensions.swift in Sources */,
				243797EB2A221B830076070C /* AppDelegate.swift in Sources */,
				2437980F2A22514B0076070C /* ProfileViewController.swift in Sources */,
				243797ED2A221B830076070C /* SceneDelegate.swift in Sources */,
				243798092A2250BA0076070C /* PhotoViewerViewController.swift in Sources */,
			);
			runOnlyForDeploymentPostprocessing = 0;
		};
/* End PBXSourcesBuildPhase section */

/* Begin PBXVariantGroup section */
		243797F02A221B830076070C /* Main.storyboard */ = {
			isa = PBXVariantGroup;
			children = (
				243797F12A221B830076070C /* Base */,
			);
			name = Main.storyboard;
			sourceTree = "<group>";
		};
		243797F52A221B840076070C /* LaunchScreen.storyboard */ = {
			isa = PBXVariantGroup;
			children = (
				243797F62A221B840076070C /* Base */,
			);
			name = LaunchScreen.storyboard;
			sourceTree = "<group>";
		};
/* End PBXVariantGroup section */

/* Begin XCBuildConfiguration section */
		243797F92A221B840076070C /* Debug */ = {
			isa = XCBuildConfiguration;
			buildSettings = {
				ALWAYS_SEARCH_USER_PATHS = NO;
				CLANG_ANALYZER_NONNULL = YES;
				CLANG_ANALYZER_NUMBER_OBJECT_CONVERSION = YES_AGGRESSIVE;
				CLANG_CXX_LANGUAGE_STANDARD = "gnu++20";
				CLANG_ENABLE_MODULES = YES;
				CLANG_ENABLE_OBJC_ARC = YES;
				CLANG_ENABLE_OBJC_WEAK = YES;
				CLANG_WARN_BLOCK_CAPTURE_AUTORELEASING = YES;
				CLANG_WARN_BOOL_CONVERSION = YES;
				CLANG_WARN_COMMA = YES;
				CLANG_WARN_CONSTANT_CONVERSION = YES;
				CLANG_WARN_DEPRECATED_OBJC_IMPLEMENTATIONS = YES;
				CLANG_WARN_DIRECT_OBJC_ISA_USAGE = YES_ERROR;
				CLANG_WARN_DOCUMENTATION_COMMENTS = YES;
				CLANG_WARN_EMPTY_BODY = YES;
				CLANG_WARN_ENUM_CONVERSION = YES;
				CLANG_WARN_INFINITE_RECURSION = YES;
				CLANG_WARN_INT_CONVERSION = YES;
				CLANG_WARN_NON_LITERAL_NULL_CONVERSION = YES;
				CLANG_WARN_OBJC_IMPLICIT_RETAIN_SELF = YES;
				CLANG_WARN_OBJC_LITERAL_CONVERSION = YES;
				CLANG_WARN_OBJC_ROOT_CLASS = YES_ERROR;
				CLANG_WARN_QUOTED_INCLUDE_IN_FRAMEWORK_HEADER = YES;
				CLANG_WARN_RANGE_LOOP_ANALYSIS = YES;
				CLANG_WARN_STRICT_PROTOTYPES = YES;
				CLANG_WARN_SUSPICIOUS_MOVE = YES;
				CLANG_WARN_UNGUARDED_AVAILABILITY = YES_AGGRESSIVE;
				CLANG_WARN_UNREACHABLE_CODE = YES;
				CLANG_WARN__DUPLICATE_METHOD_MATCH = YES;
				COPY_PHASE_STRIP = NO;
				DEBUG_INFORMATION_FORMAT = dwarf;
				ENABLE_STRICT_OBJC_MSGSEND = YES;
				ENABLE_TESTABILITY = YES;
				GCC_C_LANGUAGE_STANDARD = gnu11;
				GCC_DYNAMIC_NO_PIC = NO;
				GCC_NO_COMMON_BLOCKS = YES;
				GCC_OPTIMIZATION_LEVEL = 0;
				GCC_PREPROCESSOR_DEFINITIONS = (
					"DEBUG=1",
					"$(inherited)",
				);
				GCC_WARN_64_TO_32_BIT_CONVERSION = YES;
				GCC_WARN_ABOUT_RETURN_TYPE = YES_ERROR;
				GCC_WARN_UNDECLARED_SELECTOR = YES;
				GCC_WARN_UNINITIALIZED_AUTOS = YES_AGGRESSIVE;
				GCC_WARN_UNUSED_FUNCTION = YES;
				GCC_WARN_UNUSED_VARIABLE = YES;
				IPHONEOS_DEPLOYMENT_TARGET = 16.1;
				MTL_ENABLE_DEBUG_INFO = INCLUDE_SOURCE;
				MTL_FAST_MATH = YES;
				ONLY_ACTIVE_ARCH = YES;
				SDKROOT = iphoneos;
				SWIFT_ACTIVE_COMPILATION_CONDITIONS = DEBUG;
				SWIFT_OPTIMIZATION_LEVEL = "-Onone";
			};
			name = Debug;
		};
		243797FA2A221B840076070C /* Release */ = {
			isa = XCBuildConfiguration;
			buildSettings = {
				ALWAYS_SEARCH_USER_PATHS = NO;
				CLANG_ANALYZER_NONNULL = YES;
				CLANG_ANALYZER_NUMBER_OBJECT_CONVERSION = YES_AGGRESSIVE;
				CLANG_CXX_LANGUAGE_STANDARD = "gnu++20";
				CLANG_ENABLE_MODULES = YES;
				CLANG_ENABLE_OBJC_ARC = YES;
				CLANG_ENABLE_OBJC_WEAK = YES;
				CLANG_WARN_BLOCK_CAPTURE_AUTORELEASING = YES;
				CLANG_WARN_BOOL_CONVERSION = YES;
				CLANG_WARN_COMMA = YES;
				CLANG_WARN_CONSTANT_CONVERSION = YES;
				CLANG_WARN_DEPRECATED_OBJC_IMPLEMENTATIONS = YES;
				CLANG_WARN_DIRECT_OBJC_ISA_USAGE = YES_ERROR;
				CLANG_WARN_DOCUMENTATION_COMMENTS = YES;
				CLANG_WARN_EMPTY_BODY = YES;
				CLANG_WARN_ENUM_CONVERSION = YES;
				CLANG_WARN_INFINITE_RECURSION = YES;
				CLANG_WARN_INT_CONVERSION = YES;
				CLANG_WARN_NON_LITERAL_NULL_CONVERSION = YES;
				CLANG_WARN_OBJC_IMPLICIT_RETAIN_SELF = YES;
				CLANG_WARN_OBJC_LITERAL_CONVERSION = YES;
				CLANG_WARN_OBJC_ROOT_CLASS = YES_ERROR;
				CLANG_WARN_QUOTED_INCLUDE_IN_FRAMEWORK_HEADER = YES;
				CLANG_WARN_RANGE_LOOP_ANALYSIS = YES;
				CLANG_WARN_STRICT_PROTOTYPES = YES;
				CLANG_WARN_SUSPICIOUS_MOVE = YES;
				CLANG_WARN_UNGUARDED_AVAILABILITY = YES_AGGRESSIVE;
				CLANG_WARN_UNREACHABLE_CODE = YES;
				CLANG_WARN__DUPLICATE_METHOD_MATCH = YES;
				COPY_PHASE_STRIP = NO;
				DEBUG_INFORMATION_FORMAT = "dwarf-with-dsym";
				ENABLE_NS_ASSERTIONS = NO;
				ENABLE_STRICT_OBJC_MSGSEND = YES;
				GCC_C_LANGUAGE_STANDARD = gnu11;
				GCC_NO_COMMON_BLOCKS = YES;
				GCC_WARN_64_TO_32_BIT_CONVERSION = YES;
				GCC_WARN_ABOUT_RETURN_TYPE = YES_ERROR;
				GCC_WARN_UNDECLARED_SELECTOR = YES;
				GCC_WARN_UNINITIALIZED_AUTOS = YES_AGGRESSIVE;
				GCC_WARN_UNUSED_FUNCTION = YES;
				GCC_WARN_UNUSED_VARIABLE = YES;
				IPHONEOS_DEPLOYMENT_TARGET = 16.1;
				MTL_ENABLE_DEBUG_INFO = NO;
				MTL_FAST_MATH = YES;
				SDKROOT = iphoneos;
				SWIFT_COMPILATION_MODE = wholemodule;
				SWIFT_OPTIMIZATION_LEVEL = "-O";
				VALIDATE_PRODUCT = YES;
			};
			name = Release;
		};
		243797FC2A221B840076070C /* Debug */ = {
			isa = XCBuildConfiguration;
			baseConfigurationReference = 1DF728AC584F496A630A784A /* Pods-Messenger.debug.xcconfig */;
			buildSettings = {
				ASSETCATALOG_COMPILER_APPICON_NAME = AppIcon;
				ASSETCATALOG_COMPILER_GLOBAL_ACCENT_COLOR_NAME = AccentColor;
				CODE_SIGN_STYLE = Automatic;
				CURRENT_PROJECT_VERSION = 1;
				DEVELOPMENT_TEAM = Y7995ZQM56;
				GENERATE_INFOPLIST_FILE = YES;
				INFOPLIST_FILE = Messenger/Info.plist;
				INFOPLIST_KEY_CFBundleDisplayName = Messenger;
				INFOPLIST_KEY_NSCameraUsageDescription = "Please allow access to take a profile picture";
				INFOPLIST_KEY_NSPhotoLibraryAddUsageDescription = "Please allow access to select a photo for your profile";
				INFOPLIST_KEY_UIApplicationSupportsIndirectInputEvents = YES;
				INFOPLIST_KEY_UILaunchStoryboardName = LaunchScreen;
				INFOPLIST_KEY_UIMainStoryboardFile = Main;
				INFOPLIST_KEY_UISupportedInterfaceOrientations = UIInterfaceOrientationPortrait;
				LD_RUNPATH_SEARCH_PATHS = (
					"$(inherited)",
					"@executable_path/Frameworks",
				);
				MARKETING_VERSION = 1.0;
				PRODUCT_BUNDLE_IDENTIFIER = com.ux.Messenger;
				PRODUCT_NAME = "$(TARGET_NAME)";
				SWIFT_EMIT_LOC_STRINGS = YES;
				SWIFT_VERSION = 5.0;
				TARGETED_DEVICE_FAMILY = "1,2";
			};
			name = Debug;
		};
		243797FD2A221B840076070C /* Release */ = {
			isa = XCBuildConfiguration;
			baseConfigurationReference = 3160BA96086F20A6F2E59F1A /* Pods-Messenger.release.xcconfig */;
			buildSettings = {
				ASSETCATALOG_COMPILER_APPICON_NAME = AppIcon;
				ASSETCATALOG_COMPILER_GLOBAL_ACCENT_COLOR_NAME = AccentColor;
				CODE_SIGN_STYLE = Automatic;
				CURRENT_PROJECT_VERSION = 1;
				DEVELOPMENT_TEAM = Y7995ZQM56;
				GENERATE_INFOPLIST_FILE = YES;
				INFOPLIST_FILE = Messenger/Info.plist;
				INFOPLIST_KEY_CFBundleDisplayName = Messenger;
				INFOPLIST_KEY_NSCameraUsageDescription = "Please allow access to take a profile picture";
				INFOPLIST_KEY_NSPhotoLibraryAddUsageDescription = "Please allow access to select a photo for your profile";
				INFOPLIST_KEY_UIApplicationSupportsIndirectInputEvents = YES;
				INFOPLIST_KEY_UILaunchStoryboardName = LaunchScreen;
				INFOPLIST_KEY_UIMainStoryboardFile = Main;
				INFOPLIST_KEY_UISupportedInterfaceOrientations = UIInterfaceOrientationPortrait;
				LD_RUNPATH_SEARCH_PATHS = (
					"$(inherited)",
					"@executable_path/Frameworks",
				);
				MARKETING_VERSION = 1.0;
				PRODUCT_BUNDLE_IDENTIFIER = com.ux.Messenger;
				PRODUCT_NAME = "$(TARGET_NAME)";
				SWIFT_EMIT_LOC_STRINGS = YES;
				SWIFT_VERSION = 5.0;
				TARGETED_DEVICE_FAMILY = "1,2";
			};
			name = Release;
		};
/* End XCBuildConfiguration section */

/* Begin XCConfigurationList section */
		243797E22A221B830076070C /* Build configuration list for PBXProject "Messenger" */ = {
			isa = XCConfigurationList;
			buildConfigurations = (
				243797F92A221B840076070C /* Debug */,
				243797FA2A221B840076070C /* Release */,
			);
			defaultConfigurationIsVisible = 0;
			defaultConfigurationName = Release;
		};
		243797FB2A221B840076070C /* Build configuration list for PBXNativeTarget "Messenger" */ = {
			isa = XCConfigurationList;
			buildConfigurations = (
				243797FC2A221B840076070C /* Debug */,
				243797FD2A221B840076070C /* Release */,
			);
			defaultConfigurationIsVisible = 0;
			defaultConfigurationName = Release;
		};
/* End XCConfigurationList section */
	};
	rootObject = 243797DF2A221B830076070C /* Project object */;
}
